
Microsoft Visual Studio Solution File, Format Version 12.00
# Visual Studio 2013
VisualStudioVersion = 12.0.21005.1
MinimumVisualStudioVersion = 10.0.40219.1
Project("{FAE04EC0-301F-11D3-BF4B-00C04F79EFBC}") = "WebApiSelfHost", "WebApiSelfHost\WebApiSelfHost.csproj", "{2997937D-02AD-4893-82EC-CD51A541F0B4}"
EndProject
Project("{FAE04EC0-301F-11D3-BF4B-00C04F79EFBC}") = "WindowsServiceHoster", "WindowsServiceHoster\WindowsServiceHoster.csproj", "{7750111E-6674-4DA1-A0BA-23E5385E54C7}"
EndProject
Project("{FAE04EC0-301F-11D3-BF4B-00C04F79EFBC}") = "ConsoleHoster", "ConsoleHoster\ConsoleHoster.csproj", "{BB352277-F292-4063-94B1-8C0A7416524A}"
EndProject
Global
	GlobalSection(SolutionConfigurationPlatforms) = preSolution
		Debug|Any CPU = Debug|Any CPU
		Release|Any CPU = Release|Any CPU
	EndGlobalSection
	GlobalSection(ProjectConfigurationPlatforms) = postSolution
		{2997937D-02AD-4893-82EC-CD51A541F0B4}.Debug|Any CPU.ActiveCfg = Debug|Any CPU
		{2997937D-02AD-4893-82EC-CD51A541F0B4}.Debug|Any CPU.Build.0 = Debug|Any CPU
		{2997937D-02AD-4893-82EC-CD51A541F0B4}.Release|Any CPU.ActiveCfg = Release|Any CPU
		{2997937D-02AD-4893-82EC-CD51A541F0B4}.Release|Any CPU.Build.0 = Release|Any CPU
		{7750111E-6674-4DA1-A0BA-23E5385E54C7}.Debug|Any CPU.ActiveCfg = Debug|Any CPU
		{7750111E-6674-4DA1-A0BA-23E5385E54C7}.Debug|Any CPU.Build.0 = Debug|Any CPU
		{7750111E-6674-4DA1-A0BA-23E5385E54C7}.Release|Any CPU.ActiveCfg = Release|Any CPU
		{7750111E-6674-4DA1-A0BA-23E5385E54C7}.Release|Any CPU.Build.0 = Release|Any CPU
		{BB352277-F292-4063-94B1-8C0A7416524A}.Debug|Any CPU.ActiveCfg = Debug|Any CPU
		{BB352277-F292-4063-94B1-8C0A7416524A}.Debug|Any CPU.Build.0 = Debug|Any CPU
		{BB352277-F292-4063-94B1-8C0A7416524A}.Release|Any CPU.ActiveCfg = Release|Any CPU
		{BB352277-F292-4063-94B1-8C0A7416524A}.Release|Any CPU.Build.0 = Release|Any CPU
	EndGlobalSection
	GlobalSection(SolutionProperties) = preSolution
		HideSolutionNode = FALSE
	EndGlobalSection
EndGlobal
